
Microsoft Visual Studio Solution File, Format Version 12.00
# Visual Studio Version 17
VisualStudioVersion = 17.5.33627.172
MinimumVisualStudioVersion = 10.0.40219.1
Project("{FAE04EC0-301F-11D3-BF4B-00C04F79EFBC}") = "DERS13", "DERS13\DERS13.csproj", "{AB33C740-1C99-4706-9982-64316E63C1FC}"
EndProject
Global
	GlobalSection(SolutionConfigurationPlatforms) = preSolution
		Debug|Any CPU = Debug|Any CPU
		Release|Any CPU = Release|Any CPU
	EndGlobalSection
	GlobalSection(ProjectConfigurationPlatforms) = postSolution
		{AB33C740-1C99-4706-9982-64316E63C1FC}.Debug|Any CPU.ActiveCfg = Debug|Any CPU
		{AB33C740-1C99-4706-9982-64316E63C1FC}.Debug|Any CPU.Build.0 = Debug|Any CPU
		{AB33C740-1C99-4706-9982-64316E63C1FC}.Release|Any CPU.ActiveCfg = Release|Any CPU
		{AB33C740-1C99-4706-9982-64316E63C1FC}.Release|Any CPU.Build.0 = Release|Any CPU
	EndGlobalSection
	GlobalSection(SolutionProperties) = preSolution
		HideSolutionNode = FALSE
	EndGlobalSection
	GlobalSection(ExtensibilityGlobals) = postSolution
		SolutionGuid = {A5BD47F5-F2A5-40BE-A2C5-369AE022FED9}
	EndGlobalSection
EndGlobal
